PODS:
  - ChurLocation (0.0.1)
  - SwiftyJSON (5.0.1)

DEPENDENCIES:
  - ChurLocation (from `../ChurLocation`)
  - SwiftyJSON

SPEC REPOS:
  trunk:
    - SwiftyJSON

EXTERNAL SOURCES:
  ChurLocation:
    :path: "../ChurLocation"

SPEC CHECKSUMS:
  ChurLocation: 2d011f9fc4ac6a809ad8375a00e0b6e4047be79e
  SwiftyJSON: 2f33a42c6fbc52764d96f13368585094bfd8aa5e

PODFILE CHECKSUM: a8d3e86e977707865f8a81b2e1e292861e42e27f

COCOAPODS: 1.9.3
